// !$*UTF8*$!
{
	archiveVersion = 1;
	classes = {
	};
	objectVersion = 56;
	objects = {

/* Begin PBXBuildFile section */
		46B67D922988C89100B5C1CA /* Registration.storyboard in Resources */ = {isa = PBXBuildFile; fileRef = 46B67D912988C89100B5C1CA /* Registration.storyboard */; };
		46BF74E629898129008E3DAE /* Login.storyboard in Resources */ = {isa = PBXBuildFile; fileRef = 46BF74E429898129008E3DAE /* Login.storyboard */; };
		46BF74E929898161008E3DAE /* Walks.storyboard in Resources */ = {isa = PBXBuildFile; fileRef = 46BF74E729898161008E3DAE /* Walks.storyboard */; };
		46BF74EB29898173008E3DAE /* Home.storyboard in Resources */ = {isa = PBXBuildFile; fileRef = 46BF74EA29898173008E3DAE /* Home.storyboard */; };
		46BF74EE29898184008E3DAE /* Contributors.storyboard in Resources */ = {isa = PBXBuildFile; fileRef = 46BF74EC29898184008E3DAE /* Contributors.storyboard */; };
		46EDC2F3298974CE00EAF339 /* Assets.xcassets in Resources */ = {isa = PBXBuildFile; fileRef = 46EDC2F0298974CE00EAF339 /* Assets.xcassets */; };
		46EDC2F4298974CE00EAF339 /* AppDelegate.swift in Sources */ = {isa = PBXBuildFile; fileRef = 46EDC2F1298974CE00EAF339 /* AppDelegate.swift */; };
		46EDC2F5298974CE00EAF339 /* SceneDelegate.swift in Sources */ = {isa = PBXBuildFile; fileRef = 46EDC2F2298974CE00EAF339 /* SceneDelegate.swift */; };
		46F2095F2988B00600DB9F7C /* Main.storyboard in Resources */ = {isa = PBXBuildFile; fileRef = 46F2095D2988B00600DB9F7C /* Main.storyboard */; };
		46F209642988B00800DB9F7C /* LaunchScreen.storyboard in Resources */ = {isa = PBXBuildFile; fileRef = 46F209622988B00800DB9F7C /* LaunchScreen.storyboard */; };
		46F209722988B0BB00DB9F7C /* HomeViewController.swift in Sources */ = {isa = PBXBuildFile; fileRef = 46F209712988B0BB00DB9F7C /* HomeViewController.swift */; };
		46F209742988B0CA00DB9F7C /* ContributorsViewController.swift in Sources */ = {isa = PBXBuildFile; fileRef = 46F209732988B0CA00DB9F7C /* ContributorsViewController.swift */; };
		46F2097C2988B11800DB9F7C /* WalksViewController.swift in Sources */ = {isa = PBXBuildFile; fileRef = 46F2097B2988B11800DB9F7C /* WalksViewController.swift */; };
		46F2097E2988B12D00DB9F7C /* LoginViewController.swift in Sources */ = {isa = PBXBuildFile; fileRef = 46F2097D2988B12D00DB9F7C /* LoginViewController.swift */; };
		46F209822988BA4400DB9F7C /* RegistrationViewController.swift in Sources */ = {isa = PBXBuildFile; fileRef = 46F209812988BA4400DB9F7C /* RegistrationViewController.swift */; };
		8BF4C51B29CB686B008723F6 /* Coordinator.swift in Sources */ = {isa = PBXBuildFile; fileRef = 8BF4C51A29CB686B008723F6 /* Coordinator.swift */; };
		8BF4C51E29CB6D08008723F6 /* WalksCoordinator.swift in Sources */ = {isa = PBXBuildFile; fileRef = 8BF4C51C29CB6D08008723F6 /* WalksCoordinator.swift */; };
		8BF4C51F29CB6D08008723F6 /* MainCoordinator.swift in Sources */ = {isa = PBXBuildFile; fileRef = 8BF4C51D29CB6D08008723F6 /* MainCoordinator.swift */; };
		8BF4C52229CB6D6E008723F6 /* ContributorCoordinator.swift in Sources */ = {isa = PBXBuildFile; fileRef = 8BF4C52029CB6D6E008723F6 /* ContributorCoordinator.swift */; };
		8BF4C52329CB6D6E008723F6 /* HomeCoordinator.swift in Sources */ = {isa = PBXBuildFile; fileRef = 8BF4C52129CB6D6E008723F6 /* HomeCoordinator.swift */; };
		8BF4C52529CB6D7D008723F6 /* AppCoordinator.swift in Sources */ = {isa = PBXBuildFile; fileRef = 8BF4C52429CB6D7D008723F6 /* AppCoordinator.swift */; };
		8BF4C52729CB6DD0008723F6 /* MainTabBarController.swift in Sources */ = {isa = PBXBuildFile; fileRef = 8BF4C52629CB6DD0008723F6 /* MainTabBarController.swift */; };
		8BF4C52929CB6F3E008723F6 /* Storyboarded.swift in Sources */ = {isa = PBXBuildFile; fileRef = 8BF4C52829CB6F3E008723F6 /* Storyboarded.swift */; };
		9F138FA929AD1E8A005A130F /* HomeCardCell.xib in Resources */ = {isa = PBXBuildFile; fileRef = 9F138FA829AD1E8A005A130F /* HomeCardCell.xib */; };
		9F138FAD29AD3518005A130F /* FilterBackgroundView.swift in Sources */ = {isa = PBXBuildFile; fileRef = 9F138FAC29AD3518005A130F /* FilterBackgroundView.swift */; };
		9F20581E29A004ED00083194 /* FilterCell.swift in Sources */ = {isa = PBXBuildFile; fileRef = 9F20581C29A004ED00083194 /* FilterCell.swift */; };
		9F20581F29A004ED00083194 /* FilterCell.xib in Resources */ = {isa = PBXBuildFile; fileRef = 9F20581D29A004ED00083194 /* FilterCell.xib */; };
		9F42B5C729A5D114004FC976 /* UIView+Extension.swift in Sources */ = {isa = PBXBuildFile; fileRef = 9F42B5C629A5D114004FC976 /* UIView+Extension.swift */; };
		9F6D98DE29CA1FCA007E2669 /* StoryContributorCell.swift in Sources */ = {isa = PBXBuildFile; fileRef = 9F6D98DC29CA1FCA007E2669 /* StoryContributorCell.swift */; };
		9F6D98DF29CA1FCA007E2669 /* StoryContributorsCell.xib in Resources */ = {isa = PBXBuildFile; fileRef = 9F6D98DD29CA1FCA007E2669 /* StoryContributorsCell.xib */; };
		9F6D98E329CA281B007E2669 /* ContributorHeader.swift in Sources */ = {isa = PBXBuildFile; fileRef = 9F6D98E129CA281B007E2669 /* ContributorHeader.swift */; };
		9F6D98E429CA281B007E2669 /* ContributorHeader.xib in Resources */ = {isa = PBXBuildFile; fileRef = 9F6D98E229CA281B007E2669 /* ContributorHeader.xib */; };
		9F6D98E629CA2B39007E2669 /* ContributorBackgroundView.swift in Sources */ = {isa = PBXBuildFile; fileRef = 9F6D98E529CA2B39007E2669 /* ContributorBackgroundView.swift */; };
		9F757E6029A66E58004A14B3 /* warsawgothic.otf in Resources */ = {isa = PBXBuildFile; fileRef = 9F757E5F29A66E57004A14B3 /* warsawgothic.otf */; };
		9F757E6329A674F4004A14B3 /* HomeCardCell.swift in Sources */ = {isa = PBXBuildFile; fileRef = 9F757E6129A674F4004A14B3 /* HomeCardCell.swift */; };
		9F8D230C29BA51FA008F4B3A /* Detail.storyboard in Resources */ = {isa = PBXBuildFile; fileRef = 9F8D230B29BA51FA008F4B3A /* Detail.storyboard */; };
		9F8D230E29BA5211008F4B3A /* DetailViewController.swift in Sources */ = {isa = PBXBuildFile; fileRef = 9F8D230D29BA5211008F4B3A /* DetailViewController.swift */; };
		9F8D231129BA52DE008F4B3A /* DetailHeaderCell.swift in Sources */ = {isa = PBXBuildFile; fileRef = 9F8D230F29BA52DE008F4B3A /* DetailHeaderCell.swift */; };
		9F8D231229BA52DE008F4B3A /* DetailHeaderCell.xib in Resources */ = {isa = PBXBuildFile; fileRef = 9F8D231029BA52DE008F4B3A /* DetailHeaderCell.xib */; };
		9F99F8CF29BF9286004934A3 /* HomeDetailLayoutSection.swift in Sources */ = {isa = PBXBuildFile; fileRef = 9F99F8CE29BF9286004934A3 /* HomeDetailLayoutSection.swift */; };
		9F99F8D329BF93F8004934A3 /* DetailSection.swift in Sources */ = {isa = PBXBuildFile; fileRef = 9F99F8D229BF93F8004934A3 /* DetailSection.swift */; };
		9F99F8D529BF9405004934A3 /* DetailItem.swift in Sources */ = {isa = PBXBuildFile; fileRef = 9F99F8D429BF9405004934A3 /* DetailItem.swift */; };
		9F9C1C8529AFB85B0023BDF5 /* Theme.xcassets in Resources */ = {isa = PBXBuildFile; fileRef = 9F9C1C8429AFB85A0023BDF5 /* Theme.xcassets */; };
		9F9C1C8729AFBB590023BDF5 /* UIColor+Extension.swift in Sources */ = {isa = PBXBuildFile; fileRef = 9F9C1C8629AFBB590023BDF5 /* UIColor+Extension.swift */; };
		9FA870B429905C6B00A3D645 /* HomeItem.swift in Sources */ = {isa = PBXBuildFile; fileRef = 9FA870B329905C6B00A3D645 /* HomeItem.swift */; };
		9FA870B629905C7200A3D645 /* HomeSection.swift in Sources */ = {isa = PBXBuildFile; fileRef = 9FA870B529905C7200A3D645 /* HomeSection.swift */; };
		9FA870B929905F1900A3D645 /* HomeLayoutSection.swift in Sources */ = {isa = PBXBuildFile; fileRef = 9FA870B829905F1900A3D645 /* HomeLayoutSection.swift */; };
		9FA870BE2990B41E00A3D645 /* SelfConfiguringCell.swift in Sources */ = {isa = PBXBuildFile; fileRef = 9FA870BD2990B41E00A3D645 /* SelfConfiguringCell.swift */; };
		9FD8E0D329AD1BA200BC1417 /* FilterHeader.swift in Sources */ = {isa = PBXBuildFile; fileRef = 9FD8E0D129AD1BA200BC1417 /* FilterHeader.swift */; };
		9FD8E0D429AD1BA200BC1417 /* FilterHeader.xib in Resources */ = {isa = PBXBuildFile; fileRef = 9FD8E0D229AD1BA200BC1417 /* FilterHeader.xib */; };
		9FDE8B9129C41F6A005AB3BB /* BannerCell.swift in Sources */ = {isa = PBXBuildFile; fileRef = 9FDE8B8F29C41F6A005AB3BB /* BannerCell.swift */; };
		9FDE8B9229C41F6A005AB3BB /* BannerCell.xib in Resources */ = {isa = PBXBuildFile; fileRef = 9FDE8B9029C41F6A005AB3BB /* BannerCell.xib */; };
		9FDE8B9629C42486005AB3BB /* StoryMediaCell.swift in Sources */ = {isa = PBXBuildFile; fileRef = 9FDE8B9429C42486005AB3BB /* StoryMediaCell.swift */; };
		9FDE8B9729C42486005AB3BB /* StoryMediaCell.xib in Resources */ = {isa = PBXBuildFile; fileRef = 9FDE8B9529C42486005AB3BB /* StoryMediaCell.xib */; };
		9FDE8B9B29C425CD005AB3BB /* MediaHeader.swift in Sources */ = {isa = PBXBuildFile; fileRef = 9FDE8B9929C425CD005AB3BB /* MediaHeader.swift */; };
		9FDE8B9C29C425CD005AB3BB /* MediaHeader.xib in Resources */ = {isa = PBXBuildFile; fileRef = 9FDE8B9A29C425CD005AB3BB /* MediaHeader.xib */; };
		9FDE8B9E29C428A3005AB3BB /* MediaBackgroundView.swift in Sources */ = {isa = PBXBuildFile; fileRef = 9FDE8B9D29C428A3005AB3BB /* MediaBackgroundView.swift */; };
		9FF03BE82999F362009104F6 /* HomeHeaderCell.swift in Sources */ = {isa = PBXBuildFile; fileRef = 9FF03BE62999F362009104F6 /* HomeHeaderCell.swift */; };
		9FF03BE92999F362009104F6 /* HomeHeaderCell.xib in Resources */ = {isa = PBXBuildFile; fileRef = 9FF03BE72999F362009104F6 /* HomeHeaderCell.xib */; };
		9FF03BEB2999F485009104F6 /* Bundle.swift in Sources */ = {isa = PBXBuildFile; fileRef = 9FF03BEA2999F485009104F6 /* Bundle.swift */; };
		C4118C0529A959A20060086B /* UICollectionView+Extension.swift in Sources */ = {isa = PBXBuildFile; fileRef = C4118C0229A959A20060086B /* UICollectionView+Extension.swift */; };
		C4118C0729A959A20060086B /* RegisterableView.swift in Sources */ = {isa = PBXBuildFile; fileRef = C4118C0429A959A20060086B /* RegisterableView.swift */; };
		C4E7172829A924CE00FC1263 /* ContributorGridCell.swift in Sources */ = {isa = PBXBuildFile; fileRef = C4E7172629A924CE00FC1263 /* ContributorGridCell.swift */; };
		C4EA1BF129A56FD1007AF5E2 /* ContributorSection.swift in Sources */ = {isa = PBXBuildFile; fileRef = C4EA1BF029A56FD1007AF5E2 /* ContributorSection.swift */; };
		C4EA1BF329A56FE2007AF5E2 /* ContributorItem.swift in Sources */ = {isa = PBXBuildFile; fileRef = C4EA1BF229A56FE2007AF5E2 /* ContributorItem.swift */; };
		C4EA1BF729A5702F007AF5E2 /* ContributorCell.swift in Sources */ = {isa = PBXBuildFile; fileRef = C4EA1BF529A5702F007AF5E2 /* ContributorCell.swift */; };
		C4EA1BF829A5702F007AF5E2 /* ContributorCell.xib in Resources */ = {isa = PBXBuildFile; fileRef = C4EA1BF629A5702F007AF5E2 /* ContributorCell.xib */; };
		C4EA1BFA29A57506007AF5E2 /* Photograph Signature.ttf in Resources */ = {isa = PBXBuildFile; fileRef = C4EA1BF929A57506007AF5E2 /* Photograph Signature.ttf */; };
		C4EA1BFD29A69181007AF5E2 /* LayoutSection.swift in Sources */ = {isa = PBXBuildFile; fileRef = C4EA1BFC29A69181007AF5E2 /* LayoutSection.swift */; };
		C4EA1BFF29A6985E007AF5E2 /* WarsawGothic.otf in Resources */ = {isa = PBXBuildFile; fileRef = C4EA1BFE29A6985E007AF5E2 /* WarsawGothic.otf */; };
/* End PBXBuildFile section */

/* Begin PBXFileReference section */
		46B67D912988C89100B5C1CA /* Registration.storyboard */ = {isa = PBXFileReference; lastKnownFileType = file.storyboard; path = Registration.storyboard; sourceTree = "<group>"; };
		46BF74E529898129008E3DAE /* Base */ = {isa = PBXFileReference; lastKnownFileType = file.storyboard; name = Base; path = MovementCohort1/App/Base.lproj/Login.storyboard; sourceTree = "<group>"; };
		46BF74E829898161008E3DAE /* Base */ = {isa = PBXFileReference; lastKnownFileType = file.storyboard; name = Base; path = MovementCohort1/App/Base.lproj/Walks.storyboard; sourceTree = "<group>"; };
		46BF74EA29898173008E3DAE /* Home.storyboard */ = {isa = PBXFileReference; fileEncoding = 4; lastKnownFileType = file.storyboard; path = Home.storyboard; sourceTree = "<group>"; };
		46BF74ED29898184008E3DAE /* Base */ = {isa = PBXFileReference; lastKnownFileType = file.storyboard; name = Base; path = MovementCohort1/App/Base.lproj/Contributors.storyboard; sourceTree = "<group>"; };
		46EDC2F0298974CE00EAF339 /* Assets.xcassets */ = {isa = PBXFileReference; lastKnownFileType = folder.assetcatalog; path = Assets.xcassets; sourceTree = "<group>"; };
		46EDC2F1298974CE00EAF339 /* AppDelegate.swift */ = {isa = PBXFileReference; fileEncoding = 4; lastKnownFileType = sourcecode.swift; path = AppDelegate.swift; sourceTree = "<group>"; };
		46EDC2F2298974CE00EAF339 /* SceneDelegate.swift */ = {isa = PBXFileReference; fileEncoding = 4; lastKnownFileType = sourcecode.swift; path = SceneDelegate.swift; sourceTree = "<group>"; };
		46F209542988B00600DB9F7C /* MovementCohort1.app */ = {isa = PBXFileReference; explicitFileType = wrapper.application; includeInIndex = 0; path = MovementCohort1.app; sourceTree = BUILT_PRODUCTS_DIR; };
		46F2095E2988B00600DB9F7C /* Base */ = {isa = PBXFileReference; lastKnownFileType = file.storyboard; name = Base; path = Base.lproj/Main.storyboard; sourceTree = "<group>"; };
		46F209632988B00800DB9F7C /* Base */ = {isa = PBXFileReference; lastKnownFileType = file.storyboard; name = Base; path = Base.lproj/LaunchScreen.storyboard; sourceTree = "<group>"; };
		46F209652988B00800DB9F7C /* Info.plist */ = {isa = PBXFileReference; lastKnownFileType = text.plist.xml; path = Info.plist; sourceTree = "<group>"; };
		46F209712988B0BB00DB9F7C /* HomeViewController.swift */ = {isa = PBXFileReference; lastKnownFileType = sourcecode.swift; path = HomeViewController.swift; sourceTree = "<group>"; };
		46F209732988B0CA00DB9F7C /* ContributorsViewController.swift */ = {isa = PBXFileReference; lastKnownFileType = sourcecode.swift; path = ContributorsViewController.swift; sourceTree = "<group>"; };
		46F2097B2988B11800DB9F7C /* WalksViewController.swift */ = {isa = PBXFileReference; lastKnownFileType = sourcecode.swift; path = WalksViewController.swift; sourceTree = "<group>"; };
		46F2097D2988B12D00DB9F7C /* LoginViewController.swift */ = {isa = PBXFileReference; lastKnownFileType = sourcecode.swift; path = LoginViewController.swift; sourceTree = "<group>"; };
		46F209812988BA4400DB9F7C /* RegistrationViewController.swift */ = {isa = PBXFileReference; lastKnownFileType = sourcecode.swift; path = RegistrationViewController.swift; sourceTree = "<group>"; };
		8BF4C51A29CB686B008723F6 /* Coordinator.swift */ = {isa = PBXFileReference; lastKnownFileType = sourcecode.swift; path = Coordinator.swift; sourceTree = "<group>"; };
		8BF4C51C29CB6D08008723F6 /* WalksCoordinator.swift */ = {isa = PBXFileReference; fileEncoding = 4; lastKnownFileType = sourcecode.swift; path = WalksCoordinator.swift; sourceTree = "<group>"; };
		8BF4C51D29CB6D08008723F6 /* MainCoordinator.swift */ = {isa = PBXFileReference; fileEncoding = 4; lastKnownFileType = sourcecode.swift; path = MainCoordinator.swift; sourceTree = "<group>"; };
		8BF4C52029CB6D6E008723F6 /* ContributorCoordinator.swift */ = {isa = PBXFileReference; fileEncoding = 4; lastKnownFileType = sourcecode.swift; path = ContributorCoordinator.swift; sourceTree = "<group>"; };
		8BF4C52129CB6D6E008723F6 /* HomeCoordinator.swift */ = {isa = PBXFileReference; fileEncoding = 4; lastKnownFileType = sourcecode.swift; path = HomeCoordinator.swift; sourceTree = "<group>"; };
		8BF4C52429CB6D7D008723F6 /* AppCoordinator.swift */ = {isa = PBXFileReference; fileEncoding = 4; lastKnownFileType = sourcecode.swift; path = AppCoordinator.swift; sourceTree = "<group>"; };
		8BF4C52629CB6DD0008723F6 /* MainTabBarController.swift */ = {isa = PBXFileReference; fileEncoding = 4; lastKnownFileType = sourcecode.swift; path = MainTabBarController.swift; sourceTree = "<group>"; };
		8BF4C52829CB6F3E008723F6 /* Storyboarded.swift */ = {isa = PBXFileReference; fileEncoding = 4; lastKnownFileType = sourcecode.swift; path = Storyboarded.swift; sourceTree = "<group>"; };
		9F138FA829AD1E8A005A130F /* HomeCardCell.xib */ = {isa = PBXFileReference; fileEncoding = 4; lastKnownFileType = file.xib; path = HomeCardCell.xib; sourceTree = "<group>"; };
		9F138FAC29AD3518005A130F /* FilterBackgroundView.swift */ = {isa = PBXFileReference; lastKnownFileType = sourcecode.swift; path = FilterBackgroundView.swift; sourceTree = "<group>"; };
		9F20581C29A004ED00083194 /* FilterCell.swift */ = {isa = PBXFileReference; lastKnownFileType = sourcecode.swift; path = FilterCell.swift; sourceTree = "<group>"; };
		9F20581D29A004ED00083194 /* FilterCell.xib */ = {isa = PBXFileReference; lastKnownFileType = file.xib; path = FilterCell.xib; sourceTree = "<group>"; };
		9F42B5C629A5D114004FC976 /* UIView+Extension.swift */ = {isa = PBXFileReference; lastKnownFileType = sourcecode.swift; path = "UIView+Extension.swift"; sourceTree = "<group>"; };
		9F6D98DC29CA1FCA007E2669 /* StoryContributorCell.swift */ = {isa = PBXFileReference; lastKnownFileType = sourcecode.swift; path = StoryContributorCell.swift; sourceTree = "<group>"; };
		9F6D98DD29CA1FCA007E2669 /* StoryContributorsCell.xib */ = {isa = PBXFileReference; lastKnownFileType = file.xib; path = StoryContributorsCell.xib; sourceTree = "<group>"; };
		9F6D98E129CA281B007E2669 /* ContributorHeader.swift */ = {isa = PBXFileReference; lastKnownFileType = sourcecode.swift; path = ContributorHeader.swift; sourceTree = "<group>"; };
		9F6D98E229CA281B007E2669 /* ContributorHeader.xib */ = {isa = PBXFileReference; lastKnownFileType = file.xib; path = ContributorHeader.xib; sourceTree = "<group>"; };
		9F6D98E529CA2B39007E2669 /* ContributorBackgroundView.swift */ = {isa = PBXFileReference; lastKnownFileType = sourcecode.swift; path = ContributorBackgroundView.swift; sourceTree = "<group>"; };
		9F757E5F29A66E57004A14B3 /* warsawgothic.otf */ = {isa = PBXFileReference; lastKnownFileType = file; path = warsawgothic.otf; sourceTree = "<group>"; };
		9F757E6129A674F4004A14B3 /* HomeCardCell.swift */ = {isa = PBXFileReference; lastKnownFileType = sourcecode.swift; path = HomeCardCell.swift; sourceTree = "<group>"; };
		9F8D230B29BA51FA008F4B3A /* Detail.storyboard */ = {isa = PBXFileReference; lastKnownFileType = file.storyboard; path = Detail.storyboard; sourceTree = "<group>"; };
		9F8D230D29BA5211008F4B3A /* DetailViewController.swift */ = {isa = PBXFileReference; lastKnownFileType = sourcecode.swift; path = DetailViewController.swift; sourceTree = "<group>"; };
		9F8D230F29BA52DE008F4B3A /* DetailHeaderCell.swift */ = {isa = PBXFileReference; lastKnownFileType = sourcecode.swift; path = DetailHeaderCell.swift; sourceTree = "<group>"; };
		9F8D231029BA52DE008F4B3A /* DetailHeaderCell.xib */ = {isa = PBXFileReference; lastKnownFileType = file.xib; path = DetailHeaderCell.xib; sourceTree = "<group>"; };
		9F99F8CE29BF9286004934A3 /* HomeDetailLayoutSection.swift */ = {isa = PBXFileReference; lastKnownFileType = sourcecode.swift; path = HomeDetailLayoutSection.swift; sourceTree = "<group>"; };
		9F99F8D229BF93F8004934A3 /* DetailSection.swift */ = {isa = PBXFileReference; lastKnownFileType = sourcecode.swift; path = DetailSection.swift; sourceTree = "<group>"; };
		9F99F8D429BF9405004934A3 /* DetailItem.swift */ = {isa = PBXFileReference; lastKnownFileType = sourcecode.swift; path = DetailItem.swift; sourceTree = "<group>"; };
		9F9C1C8429AFB85A0023BDF5 /* Theme.xcassets */ = {isa = PBXFileReference; lastKnownFileType = folder.assetcatalog; path = Theme.xcassets; sourceTree = "<group>"; };
		9F9C1C8629AFBB590023BDF5 /* UIColor+Extension.swift */ = {isa = PBXFileReference; lastKnownFileType = sourcecode.swift; path = "UIColor+Extension.swift"; sourceTree = "<group>"; };
		9FA870B329905C6B00A3D645 /* HomeItem.swift */ = {isa = PBXFileReference; lastKnownFileType = sourcecode.swift; path = HomeItem.swift; sourceTree = "<group>"; };
		9FA870B529905C7200A3D645 /* HomeSection.swift */ = {isa = PBXFileReference; lastKnownFileType = sourcecode.swift; path = HomeSection.swift; sourceTree = "<group>"; };
		9FA870B829905F1900A3D645 /* HomeLayoutSection.swift */ = {isa = PBXFileReference; lastKnownFileType = sourcecode.swift; path = HomeLayoutSection.swift; sourceTree = "<group>"; };
		9FA870BD2990B41E00A3D645 /* SelfConfiguringCell.swift */ = {isa = PBXFileReference; lastKnownFileType = sourcecode.swift; path = SelfConfiguringCell.swift; sourceTree = "<group>"; };
		9FD8E0D129AD1BA200BC1417 /* FilterHeader.swift */ = {isa = PBXFileReference; lastKnownFileType = sourcecode.swift; path = FilterHeader.swift; sourceTree = "<group>"; };
		9FD8E0D229AD1BA200BC1417 /* FilterHeader.xib */ = {isa = PBXFileReference; lastKnownFileType = file.xib; path = FilterHeader.xib; sourceTree = "<group>"; };
		9FDE8B8F29C41F6A005AB3BB /* BannerCell.swift */ = {isa = PBXFileReference; lastKnownFileType = sourcecode.swift; path = BannerCell.swift; sourceTree = "<group>"; };
		9FDE8B9029C41F6A005AB3BB /* BannerCell.xib */ = {isa = PBXFileReference; lastKnownFileType = file.xib; path = BannerCell.xib; sourceTree = "<group>"; };
		9FDE8B9429C42486005AB3BB /* StoryMediaCell.swift */ = {isa = PBXFileReference; lastKnownFileType = sourcecode.swift; path = StoryMediaCell.swift; sourceTree = "<group>"; };
		9FDE8B9529C42486005AB3BB /* StoryMediaCell.xib */ = {isa = PBXFileReference; lastKnownFileType = file.xib; path = StoryMediaCell.xib; sourceTree = "<group>"; };
		9FDE8B9929C425CD005AB3BB /* MediaHeader.swift */ = {isa = PBXFileReference; lastKnownFileType = sourcecode.swift; path = MediaHeader.swift; sourceTree = "<group>"; };
		9FDE8B9A29C425CD005AB3BB /* MediaHeader.xib */ = {isa = PBXFileReference; lastKnownFileType = file.xib; path = MediaHeader.xib; sourceTree = "<group>"; };
		9FDE8B9D29C428A3005AB3BB /* MediaBackgroundView.swift */ = {isa = PBXFileReference; lastKnownFileType = sourcecode.swift; path = MediaBackgroundView.swift; sourceTree = "<group>"; };
		9FF03BE62999F362009104F6 /* HomeHeaderCell.swift */ = {isa = PBXFileReference; lastKnownFileType = sourcecode.swift; path = HomeHeaderCell.swift; sourceTree = "<group>"; };
		9FF03BE72999F362009104F6 /* HomeHeaderCell.xib */ = {isa = PBXFileReference; lastKnownFileType = file.xib; path = HomeHeaderCell.xib; sourceTree = "<group>"; };
		9FF03BEA2999F485009104F6 /* Bundle.swift */ = {isa = PBXFileReference; lastKnownFileType = sourcecode.swift; path = Bundle.swift; sourceTree = "<group>"; };
		C4118C0229A959A20060086B /* UICollectionView+Extension.swift */ = {isa = PBXFileReference; fileEncoding = 4; lastKnownFileType = sourcecode.swift; path = "UICollectionView+Extension.swift"; sourceTree = "<group>"; };
		C4118C0429A959A20060086B /* RegisterableView.swift */ = {isa = PBXFileReference; fileEncoding = 4; lastKnownFileType = sourcecode.swift; path = RegisterableView.swift; sourceTree = "<group>"; };
		C4E7172629A924CE00FC1263 /* ContributorGridCell.swift */ = {isa = PBXFileReference; lastKnownFileType = sourcecode.swift; path = ContributorGridCell.swift; sourceTree = "<group>"; };
		C4E7172729A924CE00FC1263 /* ContributorGridCell.xib */ = {isa = PBXFileReference; lastKnownFileType = file.xib; path = ContributorGridCell.xib; sourceTree = "<group>"; };
		C4EA1BF029A56FD1007AF5E2 /* ContributorSection.swift */ = {isa = PBXFileReference; lastKnownFileType = sourcecode.swift; path = ContributorSection.swift; sourceTree = "<group>"; };
		C4EA1BF229A56FE2007AF5E2 /* ContributorItem.swift */ = {isa = PBXFileReference; lastKnownFileType = sourcecode.swift; path = ContributorItem.swift; sourceTree = "<group>"; };
		C4EA1BF529A5702F007AF5E2 /* ContributorCell.swift */ = {isa = PBXFileReference; lastKnownFileType = sourcecode.swift; path = ContributorCell.swift; sourceTree = "<group>"; };
		C4EA1BF629A5702F007AF5E2 /* ContributorCell.xib */ = {isa = PBXFileReference; lastKnownFileType = file.xib; path = ContributorCell.xib; sourceTree = "<group>"; };
		C4EA1BF929A57506007AF5E2 /* Photograph Signature.ttf */ = {isa = PBXFileReference; lastKnownFileType = file; path = "Photograph Signature.ttf"; sourceTree = "<group>"; };
		C4EA1BFC29A69181007AF5E2 /* LayoutSection.swift */ = {isa = PBXFileReference; lastKnownFileType = sourcecode.swift; path = LayoutSection.swift; sourceTree = "<group>"; };
		C4EA1BFE29A6985E007AF5E2 /* WarsawGothic.otf */ = {isa = PBXFileReference; lastKnownFileType = file; path = WarsawGothic.otf; sourceTree = "<group>"; };
/* End PBXFileReference section */

/* Begin PBXFrameworksBuildPhase section */
		46F209512988B00600DB9F7C /* Frameworks */ = {
			isa = PBXFrameworksBuildPhase;
			buildActionMask = 2147483647;
			files = (
			);
			runOnlyForDeploymentPostprocessing = 0;
		};
/* End PBXFrameworksBuildPhase section */

/* Begin PBXGroup section */
		46BF74EF298984CC008E3DAE /* Views */ = {
			isa = PBXGroup;
			children = (
				46F2096E2988B03600DB9F7C /* Auth */,
				46F2096D2988B02200DB9F7C /* Magic Walks */,
				46F2096C2988B01B00DB9F7C /* Contributors */,
				46F2096B2988B01100DB9F7C /* Home */,
			);
			path = Views;
			sourceTree = "<group>";
		};
		46EDC2EF298974CE00EAF339 /* App */ = {
			isa = PBXGroup;
			children = (
				46F209652988B00800DB9F7C /* Info.plist */,
				46F209622988B00800DB9F7C /* LaunchScreen.storyboard */,
				46F2095D2988B00600DB9F7C /* Main.storyboard */,
				46EDC2F0298974CE00EAF339 /* Assets.xcassets */,
				46EDC2F1298974CE00EAF339 /* AppDelegate.swift */,
				46EDC2F2298974CE00EAF339 /* SceneDelegate.swift */,
				9F9C1C8429AFB85A0023BDF5 /* Theme.xcassets */,
			);
			path = App;
			sourceTree = "<group>";
		};
		46EDC2F6298974EA00EAF339 /* Login */ = {
			isa = PBXGroup;
			children = (
				46BF74E429898129008E3DAE /* Login.storyboard */,
				46F2097D2988B12D00DB9F7C /* LoginViewController.swift */,
			);
			path = Login;
			sourceTree = "<group>";
		};
		46EDC2F7298974F500EAF339 /* Registration */ = {
			isa = PBXGroup;
			children = (
				46F209812988BA4400DB9F7C /* RegistrationViewController.swift */,
				46B67D912988C89100B5C1CA /* Registration.storyboard */,
			);
			path = Registration;
			sourceTree = "<group>";
		};
		46F2094B2988B00600DB9F7C = {
			isa = PBXGroup;
			children = (
				46F209562988B00600DB9F7C /* MovementCohort1 */,
				46F209552988B00600DB9F7C /* Products */,
			);
			sourceTree = "<group>";
		};
		46F209552988B00600DB9F7C /* Products */ = {
			isa = PBXGroup;
			children = (
				46F209542988B00600DB9F7C /* MovementCohort1.app */,
			);
			name = Products;
			sourceTree = "<group>";
		};
		46F209562988B00600DB9F7C /* MovementCohort1 */ = {
			isa = PBXGroup;
			children = (
				8BF4C51929CB6832008723F6 /* Coordinators */,
				C4EA1BFB29A69157007AF5E2 /* Utilities */,
				C4EA1BEC29A566F5007AF5E2 /* Fonts */,
				46EDC2EF298974CE00EAF339 /* App */,
				46BF74EF298984CC008E3DAE /* Views */,
			);
			path = MovementCohort1;
			sourceTree = "<group>";
		};
		46F2096B2988B01100DB9F7C /* Home */ = {
			isa = PBXGroup;
			children = (
				9F8D230629BA50FA008F4B3A /* DetailVC */,
				9F8D230529BA50DC008F4B3A /* MainVC */,
				9FA870B729905F0500A3D645 /* Utilities */,
				9FA870B229905C5B00A3D645 /* Model */,
				9FE7C862298D9C5A00E39856 /* Cells */,
			);
			path = Home;
			sourceTree = "<group>";
		};
		46F2096C2988B01B00DB9F7C /* Contributors */ = {
			isa = PBXGroup;
			children = (
				C4EA1BF429A56FEC007AF5E2 /* Cell */,
				C4EA1BEF29A56F38007AF5E2 /* Models */,
				46F209732988B0CA00DB9F7C /* ContributorsViewController.swift */,
			);
			path = Contributors;
			sourceTree = "<group>";
		};
		46F2096D2988B02200DB9F7C /* Magic Walks */ = {
			isa = PBXGroup;
			children = (
				46BF74E729898161008E3DAE /* Walks.storyboard */,
				46F2097B2988B11800DB9F7C /* WalksViewController.swift */,
			);
			path = "Magic Walks";
			sourceTree = "<group>";
		};
		46F2096E2988B03600DB9F7C /* Auth */ = {
			isa = PBXGroup;
			children = (
				46EDC2F6298974EA00EAF339 /* Login */,
				46EDC2F7298974F500EAF339 /* Registration */,
			);
			path = Auth;
			sourceTree = "<group>";
		};
		8BF4C51929CB6832008723F6 /* Coordinators */ = {
			isa = PBXGroup;
			children = (
				8BF4C52829CB6F3E008723F6 /* Storyboarded.swift */,
				8BF4C52429CB6D7D008723F6 /* AppCoordinator.swift */,
				8BF4C51D29CB6D08008723F6 /* MainCoordinator.swift */,
				8BF4C52029CB6D6E008723F6 /* ContributorCoordinator.swift */,
				8BF4C52129CB6D6E008723F6 /* HomeCoordinator.swift */,
				8BF4C51C29CB6D08008723F6 /* WalksCoordinator.swift */,
				8BF4C51A29CB686B008723F6 /* Coordinator.swift */,
			);
			path = Coordinators;
			sourceTree = "<group>";
		};
		9F138FAA29AD1ED0005A130F /* Filter Header */ = {
			isa = PBXGroup;
			children = (
				9FD8E0D129AD1BA200BC1417 /* FilterHeader.swift */,
				9FD8E0D229AD1BA200BC1417 /* FilterHeader.xib */,
			);
			path = "Filter Header";
			sourceTree = "<group>";
		};
		9F138FAB29AD1EDF005A130F /* Filter */ = {
			isa = PBXGroup;
			children = (
				9F20581C29A004ED00083194 /* FilterCell.swift */,
				9F20581D29A004ED00083194 /* FilterCell.xib */,
				9F138FAC29AD3518005A130F /* FilterBackgroundView.swift */,
			);
			path = Filter;
			sourceTree = "<group>";
		};
		9F42B5CA29A5D99C004FC976 /* Fonts */ = {
			isa = PBXGroup;
			children = (
				9F757E5F29A66E57004A14B3 /* warsawgothic.otf */,
			);
			path = Fonts;
			sourceTree = "<group>";
		};
		9F6D98DB29CA1F7E007E2669 /* Story Contributors */ = {
			isa = PBXGroup;
			children = (
				9F6D98E029CA27ED007E2669 /* Contrubutor Header */,
				9F6D98DC29CA1FCA007E2669 /* StoryContributorCell.swift */,
				9F6D98DD29CA1FCA007E2669 /* StoryContributorsCell.xib */,
			);
			path = "Story Contributors";
			sourceTree = "<group>";
		};
		9F6D98E029CA27ED007E2669 /* Contrubutor Header */ = {
			isa = PBXGroup;
			children = (
				9F6D98E129CA281B007E2669 /* ContributorHeader.swift */,
				9F6D98E229CA281B007E2669 /* ContributorHeader.xib */,
				9F6D98E529CA2B39007E2669 /* ContributorBackgroundView.swift */,
			);
			path = "Contrubutor Header";
			sourceTree = "<group>";
		};
		9F8D230229BA5066008F4B3A /* Main */ = {
			isa = PBXGroup;
			children = (
				9FD8E0D529AD1BA900BC1417 /* Header */,
				9F138FAB29AD1EDF005A130F /* Filter */,
				9F138FAA29AD1ED0005A130F /* Filter Header */,
				9FD8E0D629AD1BB700BC1417 /* Card */,
			);
			path = Main;
			sourceTree = "<group>";
		};
		9F8D230429BA50B1008F4B3A /* Detail */ = {
			isa = PBXGroup;
			children = (
				9F6D98DB29CA1F7E007E2669 /* Story Contributors */,
				9FDE8B9329C42462005AB3BB /* Story Media */,
				9FDE8B8E29C41F44005AB3BB /* Banner */,
				9F8D231329BA532F008F4B3A /* Header */,
			);
			path = Detail;
			sourceTree = "<group>";
		};
		9F8D230529BA50DC008F4B3A /* MainVC */ = {
			isa = PBXGroup;
			children = (
				46F209712988B0BB00DB9F7C /* HomeViewController.swift */,
				46BF74EA29898173008E3DAE /* Home.storyboard */,
			);
			path = MainVC;
			sourceTree = "<group>";
		};
		9F8D230629BA50FA008F4B3A /* DetailVC */ = {
			isa = PBXGroup;
			children = (
				9F8D230D29BA5211008F4B3A /* DetailViewController.swift */,
				9F8D230B29BA51FA008F4B3A /* Detail.storyboard */,
			);
			path = DetailVC;
			sourceTree = "<group>";
		};
		9F8D231329BA532F008F4B3A /* Header */ = {
			isa = PBXGroup;
			children = (
				9F8D230F29BA52DE008F4B3A /* DetailHeaderCell.swift */,
				9F8D231029BA52DE008F4B3A /* DetailHeaderCell.xib */,
			);
			path = Header;
			sourceTree = "<group>";
		};
		9F99F8D029BF93E2004934A3 /* Home */ = {
			isa = PBXGroup;
			children = (
				9FA870B329905C6B00A3D645 /* HomeItem.swift */,
				9FA870B529905C7200A3D645 /* HomeSection.swift */,
			);
			path = Home;
			sourceTree = "<group>";
		};
		9F99F8D129BF93E9004934A3 /* Detail */ = {
			isa = PBXGroup;
			children = (
				9F99F8D429BF9405004934A3 /* DetailItem.swift */,
				9F99F8D229BF93F8004934A3 /* DetailSection.swift */,
			);
			path = Detail;
			sourceTree = "<group>";
		};
		9FA870B229905C5B00A3D645 /* Model */ = {
			isa = PBXGroup;
			children = (
				9F99F8D129BF93E9004934A3 /* Detail */,
				9F99F8D029BF93E2004934A3 /* Home */,
			);
			path = Model;
			sourceTree = "<group>";
		};
		9FA870B729905F0500A3D645 /* Utilities */ = {
			isa = PBXGroup;
			children = (
				9F42B5CA29A5D99C004FC976 /* Fonts */,
				9FA870B829905F1900A3D645 /* HomeLayoutSection.swift */,
				9F99F8CE29BF9286004934A3 /* HomeDetailLayoutSection.swift */,
				9F42B5C629A5D114004FC976 /* UIView+Extension.swift */,
				9FF03BEA2999F485009104F6 /* Bundle.swift */,
				9FA870BD2990B41E00A3D645 /* SelfConfiguringCell.swift */,
				9F9C1C8629AFBB590023BDF5 /* UIColor+Extension.swift */,
			);
			path = Utilities;
			sourceTree = "<group>";
		};
		9FD8E0D529AD1BA900BC1417 /* Header */ = {
			isa = PBXGroup;
			children = (
				9FF03BE62999F362009104F6 /* HomeHeaderCell.swift */,
				9FF03BE72999F362009104F6 /* HomeHeaderCell.xib */,
			);
			path = Header;
			sourceTree = "<group>";
		};
		9FD8E0D629AD1BB700BC1417 /* Card */ = {
			isa = PBXGroup;
			children = (
				9F757E6129A674F4004A14B3 /* HomeCardCell.swift */,
				9F138FA829AD1E8A005A130F /* HomeCardCell.xib */,
			);
			path = Card;
			sourceTree = "<group>";
		};
		9FDE8B8E29C41F44005AB3BB /* Banner */ = {
			isa = PBXGroup;
			children = (
				9FDE8B8F29C41F6A005AB3BB /* BannerCell.swift */,
				9FDE8B9029C41F6A005AB3BB /* BannerCell.xib */,
			);
			path = Banner;
			sourceTree = "<group>";
		};
		9FDE8B9329C42462005AB3BB /* Story Media */ = {
			isa = PBXGroup;
			children = (
				9FDE8B9829C425A9005AB3BB /* Header */,
				9FDE8B9429C42486005AB3BB /* StoryMediaCell.swift */,
				9FDE8B9529C42486005AB3BB /* StoryMediaCell.xib */,
			);
			path = "Story Media";
			sourceTree = "<group>";
		};
		9FDE8B9829C425A9005AB3BB /* Header */ = {
			isa = PBXGroup;
			children = (
				9FDE8B9929C425CD005AB3BB /* MediaHeader.swift */,
				9FDE8B9A29C425CD005AB3BB /* MediaHeader.xib */,
				9FDE8B9D29C428A3005AB3BB /* MediaBackgroundView.swift */,
			);
			path = Header;
			sourceTree = "<group>";
		};
		9FE7C862298D9C5A00E39856 /* Cells */ = {
			isa = PBXGroup;
			children = (
				9F8D230429BA50B1008F4B3A /* Detail */,
				9F8D230229BA5066008F4B3A /* Main */,
			);
			path = Cells;
			sourceTree = "<group>";
		};
		C4EA1BEC29A566F5007AF5E2 /* Fonts */ = {
			isa = PBXGroup;
			children = (
				C4EA1BFE29A6985E007AF5E2 /* WarsawGothic.otf */,
				C4EA1BF929A57506007AF5E2 /* Photograph Signature.ttf */,
			);
			path = Fonts;
			sourceTree = "<group>";
		};
		C4EA1BEF29A56F38007AF5E2 /* Models */ = {
			isa = PBXGroup;
			children = (
				46BF74EC29898184008E3DAE /* Contributors.storyboard */,
				C4EA1BF029A56FD1007AF5E2 /* ContributorSection.swift */,
				C4EA1BF229A56FE2007AF5E2 /* ContributorItem.swift */,
			);
			path = Models;
			sourceTree = "<group>";
		};
		C4EA1BF429A56FEC007AF5E2 /* Cell */ = {
			isa = PBXGroup;
			children = (
				C4EA1BF529A5702F007AF5E2 /* ContributorCell.swift */,
				C4EA1BF629A5702F007AF5E2 /* ContributorCell.xib */,
				C4E7172629A924CE00FC1263 /* ContributorGridCell.swift */,
				C4E7172729A924CE00FC1263 /* ContributorGridCell.xib */,
			);
			path = Cell;
			sourceTree = "<group>";
		};
		C4EA1BFB29A69157007AF5E2 /* Utilities */ = {
			isa = PBXGroup;
			children = (
				8BF4C52629CB6DD0008723F6 /* MainTabBarController.swift */,
				C4118C0429A959A20060086B /* RegisterableView.swift */,
				C4118C0229A959A20060086B /* UICollectionView+Extension.swift */,
				C4EA1BFC29A69181007AF5E2 /* LayoutSection.swift */,
			);
			path = Utilities;
			sourceTree = "<group>";
		};
/* End PBXGroup section */

/* Begin PBXNativeTarget section */
		46F209532988B00600DB9F7C /* MovementCohort1 */ = {
			isa = PBXNativeTarget;
			buildConfigurationList = 46F209682988B00800DB9F7C /* Build configuration list for PBXNativeTarget "MovementCohort1" */;
			buildPhases = (
				46F209502988B00600DB9F7C /* Sources */,
				46F209512988B00600DB9F7C /* Frameworks */,
				46F209522988B00600DB9F7C /* Resources */,
			);
			buildRules = (
			);
			dependencies = (
			);
			name = MovementCohort1;
			productName = MovementCohort1;
			productReference = 46F209542988B00600DB9F7C /* MovementCohort1.app */;
			productType = "com.apple.product-type.application";
		};
/* End PBXNativeTarget section */

/* Begin PBXProject section */
		46F2094C2988B00600DB9F7C /* Project object */ = {
			isa = PBXProject;
			attributes = {
				BuildIndependentTargetsInParallel = 1;
				LastSwiftUpdateCheck = 1420;
				LastUpgradeCheck = 1420;
				TargetAttributes = {
					46F209532988B00600DB9F7C = {
						CreatedOnToolsVersion = 14.2;
					};
				};
			};
			buildConfigurationList = 46F2094F2988B00600DB9F7C /* Build configuration list for PBXProject "MovementCohort1" */;
			compatibilityVersion = "Xcode 14.0";
			developmentRegion = en;
			hasScannedForEncodings = 0;
			knownRegions = (
				en,
				Base,
			);
			mainGroup = 46F2094B2988B00600DB9F7C;
			productRefGroup = 46F209552988B00600DB9F7C /* Products */;
			projectDirPath = "";
			projectRoot = "";
			targets = (
				46F209532988B00600DB9F7C /* MovementCohort1 */,
			);
		};
/* End PBXProject section */

/* Begin PBXResourcesBuildPhase section */
		46F209522988B00600DB9F7C /* Resources */ = {
			isa = PBXResourcesBuildPhase;
			buildActionMask = 2147483647;
			files = (
				46BF74EB29898173008E3DAE /* Home.storyboard in Resources */,
				9FF03BE92999F362009104F6 /* HomeHeaderCell.xib in Resources */,
				C4EA1BF829A5702F007AF5E2 /* ContributorCell.xib in Resources */,
				9FDE8B9C29C425CD005AB3BB /* MediaHeader.xib in Resources */,
				C4EA1BFA29A57506007AF5E2 /* Photograph Signature.ttf in Resources */,
				9FDE8B9729C42486005AB3BB /* StoryMediaCell.xib in Resources */,
				46B67D922988C89100B5C1CA /* Registration.storyboard in Resources */,
				9F8D231229BA52DE008F4B3A /* DetailHeaderCell.xib in Resources */,
				46BF74E929898161008E3DAE /* Walks.storyboard in Resources */,
				46F209642988B00800DB9F7C /* LaunchScreen.storyboard in Resources */,
				C4EA1BFF29A6985E007AF5E2 /* WarsawGothic.otf in Resources */,
				46BF74EE29898184008E3DAE /* Contributors.storyboard in Resources */,
				9FDE8B9229C41F6A005AB3BB /* BannerCell.xib in Resources */,
				9FD8E0D429AD1BA200BC1417 /* FilterHeader.xib in Resources */,
				9F138FA929AD1E8A005A130F /* HomeCardCell.xib in Resources */,
				9F757E6029A66E58004A14B3 /* warsawgothic.otf in Resources */,
				46EDC2F3298974CE00EAF339 /* Assets.xcassets in Resources */,
				9F6D98DF29CA1FCA007E2669 /* StoryContributorsCell.xib in Resources */,
				46BF74E629898129008E3DAE /* Login.storyboard in Resources */,
				9F8D230C29BA51FA008F4B3A /* Detail.storyboard in Resources */,
				46F2095F2988B00600DB9F7C /* Main.storyboard in Resources */,
				9F9C1C8529AFB85B0023BDF5 /* Theme.xcassets in Resources */,
				9F20581F29A004ED00083194 /* FilterCell.xib in Resources */,
				9F6D98E429CA281B007E2669 /* ContributorHeader.xib in Resources */,
			);
			runOnlyForDeploymentPostprocessing = 0;
		};
/* End PBXResourcesBuildPhase section */

/* Begin PBXSourcesBuildPhase section */
		46F209502988B00600DB9F7C /* Sources */ = {
			isa = PBXSourcesBuildPhase;
			buildActionMask = 2147483647;
			files = (
				8BF4C52529CB6D7D008723F6 /* AppCoordinator.swift in Sources */,
				9F138FAD29AD3518005A130F /* FilterBackgroundView.swift in Sources */,
				8BF4C52729CB6DD0008723F6 /* MainTabBarController.swift in Sources */,
				9F6D98DE29CA1FCA007E2669 /* StoryContributorCell.swift in Sources */,
				8BF4C51B29CB686B008723F6 /* Coordinator.swift in Sources */,
				9FDE8B9129C41F6A005AB3BB /* BannerCell.swift in Sources */,
				9F9C1C8729AFBB590023BDF5 /* UIColor+Extension.swift in Sources */,
				46EDC2F4298974CE00EAF339 /* AppDelegate.swift in Sources */,
				C4118C0729A959A20060086B /* RegisterableView.swift in Sources */,
				8BF4C51E29CB6D08008723F6 /* WalksCoordinator.swift in Sources */,
				C4EA1BF729A5702F007AF5E2 /* ContributorCell.swift in Sources */,
				8BF4C52329CB6D6E008723F6 /* HomeCoordinator.swift in Sources */,
				C4EA1BF329A56FE2007AF5E2 /* ContributorItem.swift in Sources */,
				9FF03BEB2999F485009104F6 /* Bundle.swift in Sources */,
				9FA870B429905C6B00A3D645 /* HomeItem.swift in Sources */,
				9F99F8D529BF9405004934A3 /* DetailItem.swift in Sources */,
				9FDE8B9629C42486005AB3BB /* StoryMediaCell.swift in Sources */,
				9F757E6329A674F4004A14B3 /* HomeCardCell.swift in Sources */,
				46EDC2F5298974CE00EAF339 /* SceneDelegate.swift in Sources */,
				9F6D98E329CA281B007E2669 /* ContributorHeader.swift in Sources */,
				9F99F8CF29BF9286004934A3 /* HomeDetailLayoutSection.swift in Sources */,
				C4EA1BFD29A69181007AF5E2 /* LayoutSection.swift in Sources */,
				9FA870B929905F1900A3D645 /* HomeLayoutSection.swift in Sources */,
				9FA870BE2990B41E00A3D645 /* SelfConfiguringCell.swift in Sources */,
				46F2097E2988B12D00DB9F7C /* LoginViewController.swift in Sources */,
				C4118C0529A959A20060086B /* UICollectionView+Extension.swift in Sources */,
				9F20581E29A004ED00083194 /* FilterCell.swift in Sources */,
				9FA870B629905C7200A3D645 /* HomeSection.swift in Sources */,
				9FF03BE82999F362009104F6 /* HomeHeaderCell.swift in Sources */,
				9F42B5C729A5D114004FC976 /* UIView+Extension.swift in Sources */,
				46F209742988B0CA00DB9F7C /* ContributorsViewController.swift in Sources */,
				46F209822988BA4400DB9F7C /* RegistrationViewController.swift in Sources */,
				9F8D230E29BA5211008F4B3A /* DetailViewController.swift in Sources */,
				9F6D98E629CA2B39007E2669 /* ContributorBackgroundView.swift in Sources */,
				C4EA1BF129A56FD1007AF5E2 /* ContributorSection.swift in Sources */,
				C4E7172829A924CE00FC1263 /* ContributorGridCell.swift in Sources */,
				9FDE8B9E29C428A3005AB3BB /* MediaBackgroundView.swift in Sources */,
				8BF4C52929CB6F3E008723F6 /* Storyboarded.swift in Sources */,
				46F2097C2988B11800DB9F7C /* WalksViewController.swift in Sources */,
				8BF4C51F29CB6D08008723F6 /* MainCoordinator.swift in Sources */,
				8BF4C52229CB6D6E008723F6 /* ContributorCoordinator.swift in Sources */,
				9F99F8D329BF93F8004934A3 /* DetailSection.swift in Sources */,
				9F8D231129BA52DE008F4B3A /* DetailHeaderCell.swift in Sources */,
				9FDE8B9B29C425CD005AB3BB /* MediaHeader.swift in Sources */,
				9FD8E0D329AD1BA200BC1417 /* FilterHeader.swift in Sources */,
				46F209722988B0BB00DB9F7C /* HomeViewController.swift in Sources */,
			);
			runOnlyForDeploymentPostprocessing = 0;
		};
/* End PBXSourcesBuildPhase section */

/* Begin PBXVariantGroup section */
		46BF74E429898129008E3DAE /* Login.storyboard */ = {
			isa = PBXVariantGroup;
			children = (
				46BF74E529898129008E3DAE /* Base */,
			);
			name = Login.storyboard;
			sourceTree = "<group>";
		};
		46BF74E729898161008E3DAE /* Walks.storyboard */ = {
			isa = PBXVariantGroup;
			children = (
				46BF74E829898161008E3DAE /* Base */,
			);
			name = Walks.storyboard;
			sourceTree = "<group>";
		};
		46BF74EC29898184008E3DAE /* Contributors.storyboard */ = {
			isa = PBXVariantGroup;
			children = (
				46BF74ED29898184008E3DAE /* Base */,
			);
			name = Contributors.storyboard;
			sourceTree = "<group>";
		};
		46F2095D2988B00600DB9F7C /* Main.storyboard */ = {
			isa = PBXVariantGroup;
			children = (
				46F2095E2988B00600DB9F7C /* Base */,
			);
			name = Main.storyboard;
			sourceTree = "<group>";
		};
		46F209622988B00800DB9F7C /* LaunchScreen.storyboard */ = {
			isa = PBXVariantGroup;
			children = (
				46F209632988B00800DB9F7C /* Base */,
			);
			name = LaunchScreen.storyboard;
			sourceTree = "<group>";
		};
/* End PBXVariantGroup section */

/* Begin XCBuildConfiguration section */
		46F209662988B00800DB9F7C /* Debug */ = {
			isa = XCBuildConfiguration;
			buildSettings = {
				ALWAYS_SEARCH_USER_PATHS = NO;
				CLANG_ANALYZER_NONNULL = YES;
				CLANG_ANALYZER_NUMBER_OBJECT_CONVERSION = YES_AGGRESSIVE;
				CLANG_CXX_LANGUAGE_STANDARD = "gnu++20";
				CLANG_ENABLE_MODULES = YES;
				CLANG_ENABLE_OBJC_ARC = YES;
				CLANG_ENABLE_OBJC_WEAK = YES;
				CLANG_WARN_BLOCK_CAPTURE_AUTORELEASING = YES;
				CLANG_WARN_BOOL_CONVERSION = YES;
				CLANG_WARN_COMMA = YES;
				CLANG_WARN_CONSTANT_CONVERSION = YES;
				CLANG_WARN_DEPRECATED_OBJC_IMPLEMENTATIONS = YES;
				CLANG_WARN_DIRECT_OBJC_ISA_USAGE = YES_ERROR;
				CLANG_WARN_DOCUMENTATION_COMMENTS = YES;
				CLANG_WARN_EMPTY_BODY = YES;
				CLANG_WARN_ENUM_CONVERSION = YES;
				CLANG_WARN_INFINITE_RECURSION = YES;
				CLANG_WARN_INT_CONVERSION = YES;
				CLANG_WARN_NON_LITERAL_NULL_CONVERSION = YES;
				CLANG_WARN_OBJC_IMPLICIT_RETAIN_SELF = YES;
				CLANG_WARN_OBJC_LITERAL_CONVERSION = YES;
				CLANG_WARN_OBJC_ROOT_CLASS = YES_ERROR;
				CLANG_WARN_QUOTED_INCLUDE_IN_FRAMEWORK_HEADER = YES;
				CLANG_WARN_RANGE_LOOP_ANALYSIS = YES;
				CLANG_WARN_STRICT_PROTOTYPES = YES;
				CLANG_WARN_SUSPICIOUS_MOVE = YES;
				CLANG_WARN_UNGUARDED_AVAILABILITY = YES_AGGRESSIVE;
				CLANG_WARN_UNREACHABLE_CODE = YES;
				CLANG_WARN__DUPLICATE_METHOD_MATCH = YES;
				COPY_PHASE_STRIP = NO;
				DEBUG_INFORMATION_FORMAT = dwarf;
				ENABLE_STRICT_OBJC_MSGSEND = YES;
				ENABLE_TESTABILITY = YES;
				GCC_C_LANGUAGE_STANDARD = gnu11;
				GCC_DYNAMIC_NO_PIC = NO;
				GCC_NO_COMMON_BLOCKS = YES;
				GCC_OPTIMIZATION_LEVEL = 0;
				GCC_PREPROCESSOR_DEFINITIONS = (
					"DEBUG=1",
					"$(inherited)",
				);
				GCC_WARN_64_TO_32_BIT_CONVERSION = YES;
				GCC_WARN_ABOUT_RETURN_TYPE = YES_ERROR;
				GCC_WARN_UNDECLARED_SELECTOR = YES;
				GCC_WARN_UNINITIALIZED_AUTOS = YES_AGGRESSIVE;
				GCC_WARN_UNUSED_FUNCTION = YES;
				GCC_WARN_UNUSED_VARIABLE = YES;
				IPHONEOS_DEPLOYMENT_TARGET = 16.1;
				MTL_ENABLE_DEBUG_INFO = INCLUDE_SOURCE;
				MTL_FAST_MATH = YES;
				ONLY_ACTIVE_ARCH = YES;
				SDKROOT = iphoneos;
				SWIFT_ACTIVE_COMPILATION_CONDITIONS = DEBUG;
				SWIFT_OPTIMIZATION_LEVEL = "-Onone";
			};
			name = Debug;
		};
		46F209672988B00800DB9F7C /* Release */ = {
			isa = XCBuildConfiguration;
			buildSettings = {
				ALWAYS_SEARCH_USER_PATHS = NO;
				CLANG_ANALYZER_NONNULL = YES;
				CLANG_ANALYZER_NUMBER_OBJECT_CONVERSION = YES_AGGRESSIVE;
				CLANG_CXX_LANGUAGE_STANDARD = "gnu++20";
				CLANG_ENABLE_MODULES = YES;
				CLANG_ENABLE_OBJC_ARC = YES;
				CLANG_ENABLE_OBJC_WEAK = YES;
				CLANG_WARN_BLOCK_CAPTURE_AUTORELEASING = YES;
				CLANG_WARN_BOOL_CONVERSION = YES;
				CLANG_WARN_COMMA = YES;
				CLANG_WARN_CONSTANT_CONVERSION = YES;
				CLANG_WARN_DEPRECATED_OBJC_IMPLEMENTATIONS = YES;
				CLANG_WARN_DIRECT_OBJC_ISA_USAGE = YES_ERROR;
				CLANG_WARN_DOCUMENTATION_COMMENTS = YES;
				CLANG_WARN_EMPTY_BODY = YES;
				CLANG_WARN_ENUM_CONVERSION = YES;
				CLANG_WARN_INFINITE_RECURSION = YES;
				CLANG_WARN_INT_CONVERSION = YES;
				CLANG_WARN_NON_LITERAL_NULL_CONVERSION = YES;
				CLANG_WARN_OBJC_IMPLICIT_RETAIN_SELF = YES;
				CLANG_WARN_OBJC_LITERAL_CONVERSION = YES;
				CLANG_WARN_OBJC_ROOT_CLASS = YES_ERROR;
				CLANG_WARN_QUOTED_INCLUDE_IN_FRAMEWORK_HEADER = YES;
				CLANG_WARN_RANGE_LOOP_ANALYSIS = YES;
				CLANG_WARN_STRICT_PROTOTYPES = YES;
				CLANG_WARN_SUSPICIOUS_MOVE = YES;
				CLANG_WARN_UNGUARDED_AVAILABILITY = YES_AGGRESSIVE;
				CLANG_WARN_UNREACHABLE_CODE = YES;
				CLANG_WARN__DUPLICATE_METHOD_MATCH = YES;
				COPY_PHASE_STRIP = NO;
				DEBUG_INFORMATION_FORMAT = "dwarf-with-dsym";
				ENABLE_NS_ASSERTIONS = NO;
				ENABLE_STRICT_OBJC_MSGSEND = YES;
				GCC_C_LANGUAGE_STANDARD = gnu11;
				GCC_NO_COMMON_BLOCKS = YES;
				GCC_WARN_64_TO_32_BIT_CONVERSION = YES;
				GCC_WARN_ABOUT_RETURN_TYPE = YES_ERROR;
				GCC_WARN_UNDECLARED_SELECTOR = YES;
				GCC_WARN_UNINITIALIZED_AUTOS = YES_AGGRESSIVE;
				GCC_WARN_UNUSED_FUNCTION = YES;
				GCC_WARN_UNUSED_VARIABLE = YES;
				IPHONEOS_DEPLOYMENT_TARGET = 16.1;
				MTL_ENABLE_DEBUG_INFO = NO;
				MTL_FAST_MATH = YES;
				SDKROOT = iphoneos;
				SWIFT_COMPILATION_MODE = wholemodule;
				SWIFT_OPTIMIZATION_LEVEL = "-O";
				VALIDATE_PRODUCT = YES;
			};
			name = Release;
		};
		46F209692988B00800DB9F7C /* Debug */ = {
			isa = XCBuildConfiguration;
			buildSettings = {
				ASSETCATALOG_COMPILER_APPICON_NAME = AppIcon;
				ASSETCATALOG_COMPILER_GLOBAL_ACCENT_COLOR_NAME = AccentColor;
				CODE_SIGN_STYLE = Automatic;
				CURRENT_PROJECT_VERSION = 1;
				DEVELOPMENT_TEAM = BCKVL9BZPW;
				GENERATE_INFOPLIST_FILE = YES;
				INFOPLIST_FILE = MovementCohort1/App/Info.plist;
				INFOPLIST_KEY_UIApplicationSupportsIndirectInputEvents = YES;
				INFOPLIST_KEY_UILaunchStoryboardName = LaunchScreen;
				INFOPLIST_KEY_UIMainStoryboardFile = Main;
				INFOPLIST_KEY_UISupportedInterfaceOrientations = UIInterfaceOrientationPortrait;
				INFOPLIST_KEY_UISupportedInterfaceOrientations_iPad = "UIInterfaceOrientationLandscapeLeft UIInterfaceOrientationLandscapeRight UIInterfaceOrientationPortrait UIInterfaceOrientationPortraitUpsideDown";
				LD_RUNPATH_SEARCH_PATHS = (
					"$(inherited)",
					"@executable_path/Frameworks",
				);
				MARKETING_VERSION = 1.0;
				PRODUCT_BUNDLE_IDENTIFIER = org.edfarm.MovementCohort1;
				PRODUCT_NAME = "$(TARGET_NAME)";
				SUPPORTED_PLATFORMS = "iphoneos iphonesimulator";
				SUPPORTS_MACCATALYST = NO;
				SUPPORTS_MAC_DESIGNED_FOR_IPHONE_IPAD = NO;
				SWIFT_EMIT_LOC_STRINGS = YES;
				SWIFT_VERSION = 5.0;
				TARGETED_DEVICE_FAMILY = 1;
			};
			name = Debug;
		};
		46F2096A2988B00800DB9F7C /* Release */ = {
			isa = XCBuildConfiguration;
			buildSettings = {
				ASSETCATALOG_COMPILER_APPICON_NAME = AppIcon;
				ASSETCATALOG_COMPILER_GLOBAL_ACCENT_COLOR_NAME = AccentColor;
				CODE_SIGN_STYLE = Automatic;
				CURRENT_PROJECT_VERSION = 1;
				DEVELOPMENT_TEAM = BCKVL9BZPW;
				GENERATE_INFOPLIST_FILE = YES;
				INFOPLIST_FILE = MovementCohort1/App/Info.plist;
				INFOPLIST_KEY_UIApplicationSupportsIndirectInputEvents = YES;
				INFOPLIST_KEY_UILaunchStoryboardName = LaunchScreen;
				INFOPLIST_KEY_UIMainStoryboardFile = Main;
				INFOPLIST_KEY_UISupportedInterfaceOrientations = UIInterfaceOrientationPortrait;
				INFOPLIST_KEY_UISupportedInterfaceOrientations_iPad = "UIInterfaceOrientationLandscapeLeft UIInterfaceOrientationLandscapeRight UIInterfaceOrientationPortrait UIInterfaceOrientationPortraitUpsideDown";
				LD_RUNPATH_SEARCH_PATHS = (
					"$(inherited)",
					"@executable_path/Frameworks",
				);
				MARKETING_VERSION = 1.0;
				PRODUCT_BUNDLE_IDENTIFIER = org.edfarm.MovementCohort1;
				PRODUCT_NAME = "$(TARGET_NAME)";
				SUPPORTED_PLATFORMS = "iphoneos iphonesimulator";
				SUPPORTS_MACCATALYST = NO;
				SUPPORTS_MAC_DESIGNED_FOR_IPHONE_IPAD = NO;
				SWIFT_EMIT_LOC_STRINGS = YES;
				SWIFT_VERSION = 5.0;
				TARGETED_DEVICE_FAMILY = 1;
			};
			name = Release;
		};
/* End XCBuildConfiguration section */

/* Begin XCConfigurationList section */
		46F2094F2988B00600DB9F7C /* Build configuration list for PBXProject "MovementCohort1" */ = {
			isa = XCConfigurationList;
			buildConfigurations = (
				46F209662988B00800DB9F7C /* Debug */,
				46F209672988B00800DB9F7C /* Release */,
			);
			defaultConfigurationIsVisible = 0;
			defaultConfigurationName = Release;
		};
		46F209682988B00800DB9F7C /* Build configuration list for PBXNativeTarget "MovementCohort1" */ = {
			isa = XCConfigurationList;
			buildConfigurations = (
				46F209692988B00800DB9F7C /* Debug */,
				46F2096A2988B00800DB9F7C /* Release */,
			);
			defaultConfigurationIsVisible = 0;
			defaultConfigurationName = Release;
		};
/* End XCConfigurationList section */
	};
	rootObject = 46F2094C2988B00600DB9F7C /* Project object */;
}
